// !$*UTF8*$!
{
	archiveVersion = 1;
	classes = {
	};
	objectVersion = 55;
	objects = {

/* Begin PBXBuildFile section */
		5617A64228AC905F00910B9E /* CrptolyApp.swift in Sources */ = {isa = PBXBuildFile; fileRef = 5617A64128AC905F00910B9E /* CrptolyApp.swift */; };
		5617A64428AC905F00910B9E /* ContentView.swift in Sources */ = {isa = PBXBuildFile; fileRef = 5617A64328AC905F00910B9E /* ContentView.swift */; };
		5617A64628AC905F00910B9E /* Assets.xcassets in Resources */ = {isa = PBXBuildFile; fileRef = 5617A64528AC905F00910B9E /* Assets.xcassets */; };
		5617A64928AC905F00910B9E /* Preview Assets.xcassets in Resources */ = {isa = PBXBuildFile; fileRef = 5617A64828AC905F00910B9E /* Preview Assets.xcassets */; };
		5617A64B28AC905F00910B9E /* Persistence.swift in Sources */ = {isa = PBXBuildFile; fileRef = 5617A64A28AC905F00910B9E /* Persistence.swift */; };
		5617A64E28AC905F00910B9E /* Crptoly.xcdatamodeld in Sources */ = {isa = PBXBuildFile; fileRef = 5617A64C28AC905F00910B9E /* Crptoly.xcdatamodeld */; };
		5617A65628ACB4F900910B9E /* CryptoSwift in Frameworks */ = {isa = PBXBuildFile; productRef = 5617A65528ACB4F900910B9E /* CryptoSwift */; };
		5617A65928ACB53200910B9E /* BitbankModel.swift in Sources */ = {isa = PBXBuildFile; fileRef = 5617A65828ACB53200910B9E /* BitbankModel.swift */; };
		5617A65B28ACB58E00910B9E /* BitbankResponse.swift in Sources */ = {isa = PBXBuildFile; fileRef = 5617A65A28ACB58E00910B9E /* BitbankResponse.swift */; };
		5617A65D28ACB71900910B9E /* ApiKey.swift in Sources */ = {isa = PBXBuildFile; fileRef = 5617A65C28ACB71900910B9E /* ApiKey.swift */; };
		5617A65F28ACB73C00910B9E /* ApiKey.plist in Resources */ = {isa = PBXBuildFile; fileRef = 5617A65E28ACB73C00910B9E /* ApiKey.plist */; };
		5617A66228ACB7E000910B9E /* Double+toString.swift in Sources */ = {isa = PBXBuildFile; fileRef = 5617A66128ACB7E000910B9E /* Double+toString.swift */; };
		5617A66A28ACBBB800910B9E /* WidgetKit.framework in Frameworks */ = {isa = PBXBuildFile; fileRef = 5617A66928ACBBB800910B9E /* WidgetKit.framework */; };
		5617A66C28ACBBB800910B9E /* SwiftUI.framework in Frameworks */ = {isa = PBXBuildFile; fileRef = 5617A66B28ACBBB800910B9E /* SwiftUI.framework */; };
		5617A66F28ACBBB800910B9E /* CrptolyWidget.swift in Sources */ = {isa = PBXBuildFile; fileRef = 5617A66E28ACBBB800910B9E /* CrptolyWidget.swift */; };
		5617A67228ACBBB900910B9E /* Assets.xcassets in Resources */ = {isa = PBXBuildFile; fileRef = 5617A67128ACBBB900910B9E /* Assets.xcassets */; };
		5617A67428ACBBB900910B9E /* CrptolyWidget.intentdefinition in Sources */ = {isa = PBXBuildFile; fileRef = 5617A67028ACBBB800910B9E /* CrptolyWidget.intentdefinition */; };
		5617A67528ACBBB900910B9E /* CrptolyWidget.intentdefinition in Sources */ = {isa = PBXBuildFile; fileRef = 5617A67028ACBBB800910B9E /* CrptolyWidget.intentdefinition */; };
		5617A67828ACBBB900910B9E /* CrptolyWidgetExtension.appex in Embed App Extensions */ = {isa = PBXBuildFile; fileRef = 5617A66728ACBBB800910B9E /* CrptolyWidgetExtension.appex */; settings = {ATTRIBUTES = (RemoveHeadersOnCopy, ); }; };
		5617A67D28ACBC1E00910B9E /* BitbankModel.swift in Sources */ = {isa = PBXBuildFile; fileRef = 5617A65828ACB53200910B9E /* BitbankModel.swift */; };
		5617A67E28ACBC2100910B9E /* BitbankResponse.swift in Sources */ = {isa = PBXBuildFile; fileRef = 5617A65A28ACB58E00910B9E /* BitbankResponse.swift */; };
		5617A67F28ACBC2400910B9E /* ApiKey.swift in Sources */ = {isa = PBXBuildFile; fileRef = 5617A65C28ACB71900910B9E /* ApiKey.swift */; };
		5617A68028ACBC4300910B9E /* Double+toString.swift in Sources */ = {isa = PBXBuildFile; fileRef = 5617A66128ACB7E000910B9E /* Double+toString.swift */; };
		5617A68228ACBC9500910B9E /* CryptoSwift in Frameworks */ = {isa = PBXBuildFile; productRef = 5617A68128ACBC9500910B9E /* CryptoSwift */; };
		5664511728ACC0C600FEBB32 /* ApiKey.plist in Resources */ = {isa = PBXBuildFile; fileRef = 5617A65E28ACB73C00910B9E /* ApiKey.plist */; };
		5664511928ACC4CC00FEBB32 /* BybitModel.swift in Sources */ = {isa = PBXBuildFile; fileRef = 5664511828ACC4CC00FEBB32 /* BybitModel.swift */; };
		5664511A28ACC4CC00FEBB32 /* BybitModel.swift in Sources */ = {isa = PBXBuildFile; fileRef = 5664511828ACC4CC00FEBB32 /* BybitModel.swift */; };
		5664511C28ACC4EB00FEBB32 /* BybitResponse.swift in Sources */ = {isa = PBXBuildFile; fileRef = 5664511B28ACC4EB00FEBB32 /* BybitResponse.swift */; };
		5664511D28ACC4EB00FEBB32 /* BybitResponse.swift in Sources */ = {isa = PBXBuildFile; fileRef = 5664511B28ACC4EB00FEBB32 /* BybitResponse.swift */; };
/* End PBXBuildFile section */

/* Begin PBXContainerItemProxy section */
		5617A67628ACBBB900910B9E /* PBXContainerItemProxy */ = {
			isa = PBXContainerItemProxy;
			containerPortal = 5617A63628AC905F00910B9E /* Project object */;
			proxyType = 1;
			remoteGlobalIDString = 5617A66628ACBBB800910B9E;
			remoteInfo = CrptolyWidgetExtension;
		};
/* End PBXContainerItemProxy section */

/* Begin PBXCopyFilesBuildPhase section */
		5617A67C28ACBBB900910B9E /* Embed App Extensions */ = {
			isa = PBXCopyFilesBuildPhase;
			buildActionMask = 2147483647;
			dstPath = "";
			dstSubfolderSpec = 13;
			files = (
				5617A67828ACBBB900910B9E /* CrptolyWidgetExtension.appex in Embed App Extensions */,
			);
			name = "Embed App Extensions";
			runOnlyForDeploymentPostprocessing = 0;
		};
/* End PBXCopyFilesBuildPhase section */

/* Begin PBXFileReference section */
		5617A63E28AC905F00910B9E /* Crptoly.app */ = {isa = PBXFileReference; explicitFileType = wrapper.application; includeInIndex = 0; path = Crptoly.app; sourceTree = BUILT_PRODUCTS_DIR; };
		5617A64128AC905F00910B9E /* CrptolyApp.swift */ = {isa = PBXFileReference; lastKnownFileType = sourcecode.swift; path = CrptolyApp.swift; sourceTree = "<group>"; };
		5617A64328AC905F00910B9E /* ContentView.swift */ = {isa = PBXFileReference; lastKnownFileType = sourcecode.swift; path = ContentView.swift; sourceTree = "<group>"; };
		5617A64528AC905F00910B9E /* Assets.xcassets */ = {isa = PBXFileReference; lastKnownFileType = folder.assetcatalog; path = Assets.xcassets; sourceTree = "<group>"; };
		5617A64828AC905F00910B9E /* Preview Assets.xcassets */ = {isa = PBXFileReference; lastKnownFileType = folder.assetcatalog; path = "Preview Assets.xcassets"; sourceTree = "<group>"; };
		5617A64A28AC905F00910B9E /* Persistence.swift */ = {isa = PBXFileReference; lastKnownFileType = sourcecode.swift; path = Persistence.swift; sourceTree = "<group>"; };
		5617A64D28AC905F00910B9E /* Crptoly.xcdatamodel */ = {isa = PBXFileReference; lastKnownFileType = wrapper.xcdatamodel; path = Crptoly.xcdatamodel; sourceTree = "<group>"; };
		5617A65828ACB53200910B9E /* BitbankModel.swift */ = {isa = PBXFileReference; lastKnownFileType = sourcecode.swift; path = BitbankModel.swift; sourceTree = "<group>"; };
		5617A65A28ACB58E00910B9E /* BitbankResponse.swift */ = {isa = PBXFileReference; lastKnownFileType = sourcecode.swift; path = BitbankResponse.swift; sourceTree = "<group>"; };
		5617A65C28ACB71900910B9E /* ApiKey.swift */ = {isa = PBXFileReference; lastKnownFileType = sourcecode.swift; path = ApiKey.swift; sourceTree = "<group>"; };
		5617A65E28ACB73C00910B9E /* ApiKey.plist */ = {isa = PBXFileReference; lastKnownFileType = text.plist.xml; path = ApiKey.plist; sourceTree = "<group>"; };
		5617A66128ACB7E000910B9E /* Double+toString.swift */ = {isa = PBXFileReference; lastKnownFileType = sourcecode.swift; path = "Double+toString.swift"; sourceTree = "<group>"; };
		5617A66728ACBBB800910B9E /* CrptolyWidgetExtension.appex */ = {isa = PBXFileReference; explicitFileType = "wrapper.app-extension"; includeInIndex = 0; path = CrptolyWidgetExtension.appex; sourceTree = BUILT_PRODUCTS_DIR; };
		5617A66928ACBBB800910B9E /* WidgetKit.framework */ = {isa = PBXFileReference; lastKnownFileType = wrapper.framework; name = WidgetKit.framework; path = System/Library/Frameworks/WidgetKit.framework; sourceTree = SDKROOT; };
		5617A66B28ACBBB800910B9E /* SwiftUI.framework */ = {isa = PBXFileReference; lastKnownFileType = wrapper.framework; name = SwiftUI.framework; path = System/Library/Frameworks/SwiftUI.framework; sourceTree = SDKROOT; };
		5617A66E28ACBBB800910B9E /* CrptolyWidget.swift */ = {isa = PBXFileReference; lastKnownFileType = sourcecode.swift; path = CrptolyWidget.swift; sourceTree = "<group>"; };
		5617A67028ACBBB800910B9E /* CrptolyWidget.intentdefinition */ = {isa = PBXFileReference; lastKnownFileType = file.intentdefinition; path = CrptolyWidget.intentdefinition; sourceTree = "<group>"; };
		5617A67128ACBBB900910B9E /* Assets.xcassets */ = {isa = PBXFileReference; lastKnownFileType = folder.assetcatalog; path = Assets.xcassets; sourceTree = "<group>"; };
		5617A67328ACBBB900910B9E /* Info.plist */ = {isa = PBXFileReference; lastKnownFileType = text.plist.xml; path = Info.plist; sourceTree = "<group>"; };
		5664511828ACC4CC00FEBB32 /* BybitModel.swift */ = {isa = PBXFileReference; lastKnownFileType = sourcecode.swift; path = BybitModel.swift; sourceTree = "<group>"; };
		5664511B28ACC4EB00FEBB32 /* BybitResponse.swift */ = {isa = PBXFileReference; lastKnownFileType = sourcecode.swift; path = BybitResponse.swift; sourceTree = "<group>"; };
/* End PBXFileReference section */

/* Begin PBXFrameworksBuildPhase section */
		5617A63B28AC905F00910B9E /* Frameworks */ = {
			isa = PBXFrameworksBuildPhase;
			buildActionMask = 2147483647;
			files = (
				5617A65628ACB4F900910B9E /* CryptoSwift in Frameworks */,
			);
			runOnlyForDeploymentPostprocessing = 0;
		};
		5617A66428ACBBB800910B9E /* Frameworks */ = {
			isa = PBXFrameworksBuildPhase;
			buildActionMask = 2147483647;
			files = (
				5617A66C28ACBBB800910B9E /* SwiftUI.framework in Frameworks */,
				5617A66A28ACBBB800910B9E /* WidgetKit.framework in Frameworks */,
				5617A68228ACBC9500910B9E /* CryptoSwift in Frameworks */,
			);
			runOnlyForDeploymentPostprocessing = 0;
		};
/* End PBXFrameworksBuildPhase section */

/* Begin PBXGroup section */
		5617A63528AC905F00910B9E = {
			isa = PBXGroup;
			children = (
				5617A64028AC905F00910B9E /* Crptoly */,
				5617A66D28ACBBB800910B9E /* CrptolyWidget */,
				5617A66828ACBBB800910B9E /* Frameworks */,
				5617A63F28AC905F00910B9E /* Products */,
			);
			sourceTree = "<group>";
		};
		5617A63F28AC905F00910B9E /* Products */ = {
			isa = PBXGroup;
			children = (
				5617A63E28AC905F00910B9E /* Crptoly.app */,
				5617A66728ACBBB800910B9E /* CrptolyWidgetExtension.appex */,
			);
			name = Products;
			sourceTree = "<group>";
		};
		5617A64028AC905F00910B9E /* Crptoly */ = {
			isa = PBXGroup;
			children = (
				5617A66028ACB7BD00910B9E /* Extenstion */,
				5617A65728ACB52100910B9E /* Model */,
				5617A64128AC905F00910B9E /* CrptolyApp.swift */,
				5617A64328AC905F00910B9E /* ContentView.swift */,
				5617A64528AC905F00910B9E /* Assets.xcassets */,
				5617A64A28AC905F00910B9E /* Persistence.swift */,
				5617A64C28AC905F00910B9E /* Crptoly.xcdatamodeld */,
				5617A64728AC905F00910B9E /* Preview Content */,
			);
			path = Crptoly;
			sourceTree = "<group>";
		};
		5617A64728AC905F00910B9E /* Preview Content */ = {
			isa = PBXGroup;
			children = (
				5617A64828AC905F00910B9E /* Preview Assets.xcassets */,
			);
			path = "Preview Content";
			sourceTree = "<group>";
		};
		5617A65728ACB52100910B9E /* Model */ = {
			isa = PBXGroup;
			children = (
				5617A65E28ACB73C00910B9E /* ApiKey.plist */,
				5617A65C28ACB71900910B9E /* ApiKey.swift */,
				5617A65828ACB53200910B9E /* BitbankModel.swift */,
				5617A65A28ACB58E00910B9E /* BitbankResponse.swift */,
				5664511828ACC4CC00FEBB32 /* BybitModel.swift */,
				5664511B28ACC4EB00FEBB32 /* BybitResponse.swift */,
			);
			path = Model;
			sourceTree = "<group>";
		};
		5617A66028ACB7BD00910B9E /* Extenstion */ = {
			isa = PBXGroup;
			children = (
				5617A66128ACB7E000910B9E /* Double+toString.swift */,
			);
			path = Extenstion;
			sourceTree = "<group>";
		};
		5617A66828ACBBB800910B9E /* Frameworks */ = {
			isa = PBXGroup;
			children = (
				5617A66928ACBBB800910B9E /* WidgetKit.framework */,
				5617A66B28ACBBB800910B9E /* SwiftUI.framework */,
			);
			name = Frameworks;
			sourceTree = "<group>";
		};
		5617A66D28ACBBB800910B9E /* CrptolyWidget */ = {
			isa = PBXGroup;
			children = (
				5617A66E28ACBBB800910B9E /* CrptolyWidget.swift */,
				5617A67028ACBBB800910B9E /* CrptolyWidget.intentdefinition */,
				5617A67128ACBBB900910B9E /* Assets.xcassets */,
				5617A67328ACBBB900910B9E /* Info.plist */,
			);
			path = CrptolyWidget;
			sourceTree = "<group>";
		};
/* End PBXGroup section */

/* Begin PBXNativeTarget section */
		5617A63D28AC905F00910B9E /* Crptoly */ = {
			isa = PBXNativeTarget;
			buildConfigurationList = 5617A65128AC905F00910B9E /* Build configuration list for PBXNativeTarget "Crptoly" */;
			buildPhases = (
				5617A63A28AC905F00910B9E /* Sources */,
				5617A63B28AC905F00910B9E /* Frameworks */,
				5617A63C28AC905F00910B9E /* Resources */,
				5617A67C28ACBBB900910B9E /* Embed App Extensions */,
			);
			buildRules = (
			);
			dependencies = (
				5617A67728ACBBB900910B9E /* PBXTargetDependency */,
			);
			name = Crptoly;
			packageProductDependencies = (
				5617A65528ACB4F900910B9E /* CryptoSwift */,
			);
			productName = Crptoly;
			productReference = 5617A63E28AC905F00910B9E /* Crptoly.app */;
			productType = "com.apple.product-type.application";
		};
		5617A66628ACBBB800910B9E /* CrptolyWidgetExtension */ = {
			isa = PBXNativeTarget;
			buildConfigurationList = 5617A67928ACBBB900910B9E /* Build configuration list for PBXNativeTarget "CrptolyWidgetExtension" */;
			buildPhases = (
				5617A66328ACBBB800910B9E /* Sources */,
				5617A66428ACBBB800910B9E /* Frameworks */,
				5617A66528ACBBB800910B9E /* Resources */,
			);
			buildRules = (
			);
			dependencies = (
			);
			name = CrptolyWidgetExtension;
			packageProductDependencies = (
				5617A68128ACBC9500910B9E /* CryptoSwift */,
			);
			productName = CrptolyWidgetExtension;
			productReference = 5617A66728ACBBB800910B9E /* CrptolyWidgetExtension.appex */;
			productType = "com.apple.product-type.app-extension";
		};
/* End PBXNativeTarget section */

/* Begin PBXProject section */
		5617A63628AC905F00910B9E /* Project object */ = {
			isa = PBXProject;
			attributes = {
				BuildIndependentTargetsInParallel = 1;
				LastSwiftUpdateCheck = 1340;
				LastUpgradeCheck = 1340;
				TargetAttributes = {
					5617A63D28AC905F00910B9E = {
						CreatedOnToolsVersion = 13.4.1;
					};
					5617A66628ACBBB800910B9E = {
						CreatedOnToolsVersion = 13.4.1;
					};
				};
			};
			buildConfigurationList = 5617A63928AC905F00910B9E /* Build configuration list for PBXProject "Crptoly" */;
			compatibilityVersion = "Xcode 13.0";
			developmentRegion = en;
			hasScannedForEncodings = 0;
			knownRegions = (
				en,
				Base,
			);
			mainGroup = 5617A63528AC905F00910B9E;
			packageReferences = (
				5617A65428ACB4F900910B9E /* XCRemoteSwiftPackageReference "CryptoSwift" */,
			);
			productRefGroup = 5617A63F28AC905F00910B9E /* Products */;
			projectDirPath = "";
			projectRoot = "";
			targets = (
				5617A63D28AC905F00910B9E /* Crptoly */,
				5617A66628ACBBB800910B9E /* CrptolyWidgetExtension */,
			);
		};
/* End PBXProject section */

/* Begin PBXResourcesBuildPhase section */
		5617A63C28AC905F00910B9E /* Resources */ = {
			isa = PBXResourcesBuildPhase;
			buildActionMask = 2147483647;
			files = (
				5617A65F28ACB73C00910B9E /* ApiKey.plist in Resources */,
				5617A64928AC905F00910B9E /* Preview Assets.xcassets in Resources */,
				5617A64628AC905F00910B9E /* Assets.xcassets in Resources */,
			);
			runOnlyForDeploymentPostprocessing = 0;
		};
		5617A66528ACBBB800910B9E /* Resources */ = {
			isa = PBXResourcesBuildPhase;
			buildActionMask = 2147483647;
			files = (
				5617A67228ACBBB900910B9E /* Assets.xcassets in Resources */,
				5664511728ACC0C600FEBB32 /* ApiKey.plist in Resources */,
			);
			runOnlyForDeploymentPostprocessing = 0;
		};
/* End PBXResourcesBuildPhase section */

/* Begin PBXSourcesBuildPhase section */
		5617A63A28AC905F00910B9E /* Sources */ = {
			isa = PBXSourcesBuildPhase;
			buildActionMask = 2147483647;
			files = (
				5617A67528ACBBB900910B9E /* CrptolyWidget.intentdefinition in Sources */,
				5617A66228ACB7E000910B9E /* Double+toString.swift in Sources */,
				5617A64B28AC905F00910B9E /* Persistence.swift in Sources */,
				5617A65928ACB53200910B9E /* BitbankModel.swift in Sources */,
				5664511928ACC4CC00FEBB32 /* BybitModel.swift in Sources */,
				5617A64E28AC905F00910B9E /* Crptoly.xcdatamodeld in Sources */,
				5617A64428AC905F00910B9E /* ContentView.swift in Sources */,
				5617A65D28ACB71900910B9E /* ApiKey.swift in Sources */,
				5617A65B28ACB58E00910B9E /* BitbankResponse.swift in Sources */,
				5664511C28ACC4EB00FEBB32 /* BybitResponse.swift in Sources */,
				5617A64228AC905F00910B9E /* CrptolyApp.swift in Sources */,
			);
			runOnlyForDeploymentPostprocessing = 0;
		};
		5617A66328ACBBB800910B9E /* Sources */ = {
			isa = PBXSourcesBuildPhase;
			buildActionMask = 2147483647;
			files = (
				5617A67F28ACBC2400910B9E /* ApiKey.swift in Sources */,
				5617A67428ACBBB900910B9E /* CrptolyWidget.intentdefinition in Sources */,
				5617A67D28ACBC1E00910B9E /* BitbankModel.swift in Sources */,
				5617A67E28ACBC2100910B9E /* BitbankResponse.swift in Sources */,
				5617A68028ACBC4300910B9E /* Double+toString.swift in Sources */,
				5664511A28ACC4CC00FEBB32 /* BybitModel.swift in Sources */,
				5617A66F28ACBBB800910B9E /* CrptolyWidget.swift in Sources */,
				5664511D28ACC4EB00FEBB32 /* BybitResponse.swift in Sources */,
			);
			runOnlyForDeploymentPostprocessing = 0;
		};
/* End PBXSourcesBuildPhase section */

/* Begin PBXTargetDependency section */
		5617A67728ACBBB900910B9E /* PBXTargetDependency */ = {
			isa = PBXTargetDependency;
			target = 5617A66628ACBBB800910B9E /* CrptolyWidgetExtension */;
			targetProxy = 5617A67628ACBBB900910B9E /* PBXContainerItemProxy */;
		};
/* End PBXTargetDependency section */

/* Begin XCBuildConfiguration section */
		5617A64F28AC905F00910B9E /* Debug */ = {
			isa = XCBuildConfiguration;
			buildSettings = {
				ALWAYS_SEARCH_USER_PATHS = NO;
				CLANG_ANALYZER_NONNULL = YES;
				CLANG_ANALYZER_NUMBER_OBJECT_CONVERSION = YES_AGGRESSIVE;
				CLANG_CXX_LANGUAGE_STANDARD = "gnu++17";
				CLANG_ENABLE_MODULES = YES;
				CLANG_ENABLE_OBJC_ARC = YES;
				CLANG_ENABLE_OBJC_WEAK = YES;
				CLANG_WARN_BLOCK_CAPTURE_AUTORELEASING = YES;
				CLANG_WARN_BOOL_CONVERSION = YES;
				CLANG_WARN_COMMA = YES;
				CLANG_WARN_CONSTANT_CONVERSION = YES;
				CLANG_WARN_DEPRECATED_OBJC_IMPLEMENTATIONS = YES;
				CLANG_WARN_DIRECT_OBJC_ISA_USAGE = YES_ERROR;
				CLANG_WARN_DOCUMENTATION_COMMENTS = YES;
				CLANG_WARN_EMPTY_BODY = YES;
				CLANG_WARN_ENUM_CONVERSION = YES;
				CLANG_WARN_INFINITE_RECURSION = YES;
				CLANG_WARN_INT_CONVERSION = YES;
				CLANG_WARN_NON_LITERAL_NULL_CONVERSION = YES;
				CLANG_WARN_OBJC_IMPLICIT_RETAIN_SELF = YES;
				CLANG_WARN_OBJC_LITERAL_CONVERSION = YES;
				CLANG_WARN_OBJC_ROOT_CLASS = YES_ERROR;
				CLANG_WARN_QUOTED_INCLUDE_IN_FRAMEWORK_HEADER = YES;
				CLANG_WARN_RANGE_LOOP_ANALYSIS = YES;
				CLANG_WARN_STRICT_PROTOTYPES = YES;
				CLANG_WARN_SUSPICIOUS_MOVE = YES;
				CLANG_WARN_UNGUARDED_AVAILABILITY = YES_AGGRESSIVE;
				CLANG_WARN_UNREACHABLE_CODE = YES;
				CLANG_WARN__DUPLICATE_METHOD_MATCH = YES;
				COPY_PHASE_STRIP = NO;
				DEBUG_INFORMATION_FORMAT = dwarf;
				ENABLE_STRICT_OBJC_MSGSEND = YES;
				ENABLE_TESTABILITY = YES;
				GCC_C_LANGUAGE_STANDARD = gnu11;
				GCC_DYNAMIC_NO_PIC = NO;
				GCC_NO_COMMON_BLOCKS = YES;
				GCC_OPTIMIZATION_LEVEL = 0;
				GCC_PREPROCESSOR_DEFINITIONS = (
					"DEBUG=1",
					"$(inherited)",
				);
				GCC_WARN_64_TO_32_BIT_CONVERSION = YES;
				GCC_WARN_ABOUT_RETURN_TYPE = YES_ERROR;
				GCC_WARN_UNDECLARED_SELECTOR = YES;
				GCC_WARN_UNINITIALIZED_AUTOS = YES_AGGRESSIVE;
				GCC_WARN_UNUSED_FUNCTION = YES;
				GCC_WARN_UNUSED_VARIABLE = YES;
				IPHONEOS_DEPLOYMENT_TARGET = 15.5;
				MTL_ENABLE_DEBUG_INFO = INCLUDE_SOURCE;
				MTL_FAST_MATH = YES;
				ONLY_ACTIVE_ARCH = YES;
				SDKROOT = iphoneos;
				SWIFT_ACTIVE_COMPILATION_CONDITIONS = DEBUG;
				SWIFT_OPTIMIZATION_LEVEL = "-Onone";
			};
			name = Debug;
		};
		5617A65028AC905F00910B9E /* Release */ = {
			isa = XCBuildConfiguration;
			buildSettings = {
				ALWAYS_SEARCH_USER_PATHS = NO;
				CLANG_ANALYZER_NONNULL = YES;
				CLANG_ANALYZER_NUMBER_OBJECT_CONVERSION = YES_AGGRESSIVE;
				CLANG_CXX_LANGUAGE_STANDARD = "gnu++17";
				CLANG_ENABLE_MODULES = YES;
				CLANG_ENABLE_OBJC_ARC = YES;
				CLANG_ENABLE_OBJC_WEAK = YES;
				CLANG_WARN_BLOCK_CAPTURE_AUTORELEASING = YES;
				CLANG_WARN_BOOL_CONVERSION = YES;
				CLANG_WARN_COMMA = YES;
				CLANG_WARN_CONSTANT_CONVERSION = YES;
				CLANG_WARN_DEPRECATED_OBJC_IMPLEMENTATIONS = YES;
				CLANG_WARN_DIRECT_OBJC_ISA_USAGE = YES_ERROR;
				CLANG_WARN_DOCUMENTATION_COMMENTS = YES;
				CLANG_WARN_EMPTY_BODY = YES;
				CLANG_WARN_ENUM_CONVERSION = YES;
				CLANG_WARN_INFINITE_RECURSION = YES;
				CLANG_WARN_INT_CONVERSION = YES;
				CLANG_WARN_NON_LITERAL_NULL_CONVERSION = YES;
				CLANG_WARN_OBJC_IMPLICIT_RETAIN_SELF = YES;
				CLANG_WARN_OBJC_LITERAL_CONVERSION = YES;
				CLANG_WARN_OBJC_ROOT_CLASS = YES_ERROR;
				CLANG_WARN_QUOTED_INCLUDE_IN_FRAMEWORK_HEADER = YES;
				CLANG_WARN_RANGE_LOOP_ANALYSIS = YES;
				CLANG_WARN_STRICT_PROTOTYPES = YES;
				CLANG_WARN_SUSPICIOUS_MOVE = YES;
				CLANG_WARN_UNGUARDED_AVAILABILITY = YES_AGGRESSIVE;
				CLANG_WARN_UNREACHABLE_CODE = YES;
				CLANG_WARN__DUPLICATE_METHOD_MATCH = YES;
				COPY_PHASE_STRIP = NO;
				DEBUG_INFORMATION_FORMAT = "dwarf-with-dsym";
				ENABLE_NS_ASSERTIONS = NO;
				ENABLE_STRICT_OBJC_MSGSEND = YES;
				GCC_C_LANGUAGE_STANDARD = gnu11;
				GCC_NO_COMMON_BLOCKS = YES;
				GCC_WARN_64_TO_32_BIT_CONVERSION = YES;
				GCC_WARN_ABOUT_RETURN_TYPE = YES_ERROR;
				GCC_WARN_UNDECLARED_SELECTOR = YES;
				GCC_WARN_UNINITIALIZED_AUTOS = YES_AGGRESSIVE;
				GCC_WARN_UNUSED_FUNCTION = YES;
				GCC_WARN_UNUSED_VARIABLE = YES;
				IPHONEOS_DEPLOYMENT_TARGET = 15.5;
				MTL_ENABLE_DEBUG_INFO = NO;
				MTL_FAST_MATH = YES;
				SDKROOT = iphoneos;
				SWIFT_COMPILATION_MODE = wholemodule;
				SWIFT_OPTIMIZATION_LEVEL = "-O";
				VALIDATE_PRODUCT = YES;
			};
			name = Release;
		};
		5617A65228AC905F00910B9E /* Debug */ = {
			isa = XCBuildConfiguration;
			buildSettings = {
				ALWAYS_EMBED_SWIFT_STANDARD_LIBRARIES = YES;
				ASSETCATALOG_COMPILER_APPICON_NAME = AppIcon;
				ASSETCATALOG_COMPILER_GLOBAL_ACCENT_COLOR_NAME = AccentColor;
				CODE_SIGN_IDENTITY = "Apple Development";
				CODE_SIGN_STYLE = Automatic;
				CURRENT_PROJECT_VERSION = 1;
				DEVELOPMENT_ASSET_PATHS = "\"Crptoly/Preview Content\"";
				DEVELOPMENT_TEAM = 358F964YVR;
				ENABLE_PREVIEWS = YES;
				GENERATE_INFOPLIST_FILE = YES;
				INFOPLIST_KEY_UIApplicationSceneManifest_Generation = YES;
				INFOPLIST_KEY_UIApplicationSupportsIndirectInputEvents = YES;
				INFOPLIST_KEY_UILaunchScreen_Generation = YES;
				INFOPLIST_KEY_UISupportedInterfaceOrientations_iPad = "UIInterfaceOrientationPortrait UIInterfaceOrientationPortraitUpsideDown UIInterfaceOrientationLandscapeLeft UIInterfaceOrientationLandscapeRight";
				INFOPLIST_KEY_UISupportedInterfaceOrientations_iPhone = "UIInterfaceOrientationPortrait UIInterfaceOrientationLandscapeLeft UIInterfaceOrientationLandscapeRight";
				LD_RUNPATH_SEARCH_PATHS = (
					"$(inherited)",
					"@executable_path/Frameworks",
				);
				MARKETING_VERSION = 1.0;
				PRODUCT_BUNDLE_IDENTIFIER = flattail.dev.crptoly;
				PRODUCT_NAME = "$(TARGET_NAME)";
				PROVISIONING_PROFILE_SPECIFIER = "";
				SWIFT_EMIT_LOC_STRINGS = YES;
				SWIFT_VERSION = 5.0;
				TARGETED_DEVICE_FAMILY = "1,2";
			};
			name = Debug;
		};
		5617A65328AC905F00910B9E /* Release */ = {
			isa = XCBuildConfiguration;
			buildSettings = {
				ALWAYS_EMBED_SWIFT_STANDARD_LIBRARIES = YES;
				ASSETCATALOG_COMPILER_APPICON_NAME = AppIcon;
				ASSETCATALOG_COMPILER_GLOBAL_ACCENT_COLOR_NAME = AccentColor;
				CODE_SIGN_IDENTITY = "Apple Development";
				CODE_SIGN_STYLE = Automatic;
				CURRENT_PROJECT_VERSION = 1;
				DEVELOPMENT_ASSET_PATHS = "\"Crptoly/Preview Content\"";
				DEVELOPMENT_TEAM = 358F964YVR;
				ENABLE_PREVIEWS = YES;
				GENERATE_INFOPLIST_FILE = YES;
				INFOPLIST_KEY_UIApplicationSceneManifest_Generation = YES;
				INFOPLIST_KEY_UIApplicationSupportsIndirectInputEvents = YES;
				INFOPLIST_KEY_UILaunchScreen_Generation = YES;
				INFOPLIST_KEY_UISupportedInterfaceOrientations_iPad = "UIInterfaceOrientationPortrait UIInterfaceOrientationPortraitUpsideDown UIInterfaceOrientationLandscapeLeft UIInterfaceOrientationLandscapeRight";
				INFOPLIST_KEY_UISupportedInterfaceOrientations_iPhone = "UIInterfaceOrientationPortrait UIInterfaceOrientationLandscapeLeft UIInterfaceOrientationLandscapeRight";
				LD_RUNPATH_SEARCH_PATHS = (
					"$(inherited)",
					"@executable_path/Frameworks",
				);
				MARKETING_VERSION = 1.0;
				PRODUCT_BUNDLE_IDENTIFIER = flattail.dev.crptoly;
				PRODUCT_NAME = "$(TARGET_NAME)";
				PROVISIONING_PROFILE_SPECIFIER = "";
				SWIFT_EMIT_LOC_STRINGS = YES;
				SWIFT_VERSION = 5.0;
				TARGETED_DEVICE_FAMILY = "1,2";
			};
			name = Release;
		};
		5617A67A28ACBBB900910B9E /* Debug */ = {
			isa = XCBuildConfiguration;
			buildSettings = {
				ASSETCATALOG_COMPILER_GLOBAL_ACCENT_COLOR_NAME = AccentColor;
				ASSETCATALOG_COMPILER_WIDGET_BACKGROUND_COLOR_NAME = WidgetBackground;
				CODE_SIGN_IDENTITY = "Apple Development";
				CODE_SIGN_STYLE = Automatic;
				CURRENT_PROJECT_VERSION = 1;
				DEVELOPMENT_TEAM = 358F964YVR;
				GENERATE_INFOPLIST_FILE = YES;
				INFOPLIST_FILE = CrptolyWidget/Info.plist;
				INFOPLIST_KEY_CFBundleDisplayName = CrptolyWidget;
				INFOPLIST_KEY_NSHumanReadableCopyright = "";
				LD_RUNPATH_SEARCH_PATHS = (
					"$(inherited)",
					"@executable_path/Frameworks",
					"@executable_path/../../Frameworks",
				);
				MARKETING_VERSION = 1.0;
				PRODUCT_BUNDLE_IDENTIFIER = flattail.dev.crptoly.CrptolyWidget;
				PRODUCT_NAME = "$(TARGET_NAME)";
				SKIP_INSTALL = YES;
				SWIFT_EMIT_LOC_STRINGS = YES;
				SWIFT_VERSION = 5.0;
				TARGETED_DEVICE_FAMILY = "1,2";
			};
			name = Debug;
		};
		5617A67B28ACBBB900910B9E /* Release */ = {
			isa = XCBuildConfiguration;
			buildSettings = {
				ASSETCATALOG_COMPILER_GLOBAL_ACCENT_COLOR_NAME = AccentColor;
				ASSETCATALOG_COMPILER_WIDGET_BACKGROUND_COLOR_NAME = WidgetBackground;
				CODE_SIGN_IDENTITY = "Apple Development";
				CODE_SIGN_STYLE = Automatic;
				CURRENT_PROJECT_VERSION = 1;
				DEVELOPMENT_TEAM = 358F964YVR;
				GENERATE_INFOPLIST_FILE = YES;
				INFOPLIST_FILE = CrptolyWidget/Info.plist;
				INFOPLIST_KEY_CFBundleDisplayName = CrptolyWidget;
				INFOPLIST_KEY_NSHumanReadableCopyright = "";
				LD_RUNPATH_SEARCH_PATHS = (
					"$(inherited)",
					"@executable_path/Frameworks",
					"@executable_path/../../Frameworks",
				);
				MARKETING_VERSION = 1.0;
				PRODUCT_BUNDLE_IDENTIFIER = flattail.dev.crptoly.CrptolyWidget;
				PRODUCT_NAME = "$(TARGET_NAME)";
				SKIP_INSTALL = YES;
				SWIFT_EMIT_LOC_STRINGS = YES;
				SWIFT_VERSION = 5.0;
				TARGETED_DEVICE_FAMILY = "1,2";
			};
			name = Release;
		};
/* End XCBuildConfiguration section */

/* Begin XCConfigurationList section */
		5617A63928AC905F00910B9E /* Build configuration list for PBXProject "Crptoly" */ = {
			isa = XCConfigurationList;
			buildConfigurations = (
				5617A64F28AC905F00910B9E /* Debug */,
				5617A65028AC905F00910B9E /* Release */,
			);
			defaultConfigurationIsVisible = 0;
			defaultConfigurationName = Release;
		};
		5617A65128AC905F00910B9E /* Build configuration list for PBXNativeTarget "Crptoly" */ = {
			isa = XCConfigurationList;
			buildConfigurations = (
				5617A65228AC905F00910B9E /* Debug */,
				5617A65328AC905F00910B9E /* Release */,
			);
			defaultConfigurationIsVisible = 0;
			defaultConfigurationName = Release;
		};
		5617A67928ACBBB900910B9E /* Build configuration list for PBXNativeTarget "CrptolyWidgetExtension" */ = {
			isa = XCConfigurationList;
			buildConfigurations = (
				5617A67A28ACBBB900910B9E /* Debug */,
				5617A67B28ACBBB900910B9E /* Release */,
			);
			defaultConfigurationIsVisible = 0;
			defaultConfigurationName = Release;
		};
/* End XCConfigurationList section */

/* Begin XCRemoteSwiftPackageReference section */
		5617A65428ACB4F900910B9E /* XCRemoteSwiftPackageReference "CryptoSwift" */ = {
			isa = XCRemoteSwiftPackageReference;
			repositoryURL = "https://github.com/krzyzanowskim/CryptoSwift";
			requirement = {
				branch = main;
				kind = branch;
			};
		};
/* End XCRemoteSwiftPackageReference section */

/* Begin XCSwiftPackageProductDependency section */
		5617A65528ACB4F900910B9E /* CryptoSwift */ = {
			isa = XCSwiftPackageProductDependency;
			package = 5617A65428ACB4F900910B9E /* XCRemoteSwiftPackageReference "CryptoSwift" */;
			productName = CryptoSwift;
		};
		5617A68128ACBC9500910B9E /* CryptoSwift */ = {
			isa = XCSwiftPackageProductDependency;
			package = 5617A65428ACB4F900910B9E /* XCRemoteSwiftPackageReference "CryptoSwift" */;
			productName = CryptoSwift;
		};
/* End XCSwiftPackageProductDependency section */

/* Begin XCVersionGroup section */
		5617A64C28AC905F00910B9E /* Crptoly.xcdatamodeld */ = {
			isa = XCVersionGroup;
			children = (
				5617A64D28AC905F00910B9E /* Crptoly.xcdatamodel */,
			);
			currentVersion = 5617A64D28AC905F00910B9E /* Crptoly.xcdatamodel */;
			path = Crptoly.xcdatamodeld;
			sourceTree = "<group>";
			versionGroupType = wrapper.xcdatamodel;
		};
/* End XCVersionGroup section */
	};
	rootObject = 5617A63628AC905F00910B9E /* Project object */;
}
